# generated by rye
# use `rye lock` or `rye sync` to update this lockfile
#
# last locked with the following flags:
#   pre: false
#   features: []
#   all-features: true
#   with-sources: false
#   generate-hashes: false
#   universal: true

-e file:.
accessible-pygments==0.0.5
    # via pydata-sphinx-theme
alabaster==1.0.0
    # via sphinx
antlr4-python3-runtime==4.9.3
    # via hydra-core
    # via omegaconf
appnope==0.1.4 ; platform_system == 'Darwin'
    # via ipykernel
astroid==3.3.4
    # via sphinx-autoapi
    # via sphinx-autodoc2
asttokens==2.4.1
    # via stack-data
attrs==24.2.0
    # via hypothesis
    # via jsonschema
    # via jupyter-cache
    # via referencing
babel==2.16.0
    # via pydata-sphinx-theme
    # via sphinx
beautifulsoup4==4.12.3
    # via pydata-sphinx-theme
certifi==2024.8.30
    # via requests
cffi==1.17.1 ; implementation_name == 'pypy'
    # via pyzmq
cfgv==3.4.0
    # via pre-commit
charset-normalizer==3.3.2
    # via requests
click==8.1.7
    # via jupyter-cache
    # via mloq
colorama==0.4.6 ; sys_platform == 'win32' or platform_system == 'Windows'
    # via click
    # via ipython
    # via pytest
    # via sphinx
comm==0.2.2
    # via ipykernel
coverage==7.6.1
    # via pytest-cov
debugpy==1.8.6
    # via ipykernel
decorator==5.1.1
    # via ipython
distlib==0.3.8
    # via virtualenv
distro==1.9.0
    # via ruyaml
docutils==0.21.2
    # via myst-parser
    # via pybtex-docutils
    # via pydata-sphinx-theme
    # via sphinx
    # via sphinx-togglebutton
    # via sphinxcontrib-bibtex
exceptiongroup==1.2.2 ; python_full_version < '3.11'
    # via hypothesis
    # via ipython
    # via pytest
execnet==2.1.1
    # via pytest-xdist
executing==2.1.0
    # via stack-data
fastjsonschema==2.20.0
    # via nbformat
filelock==3.16.1
    # via virtualenv
flogging==0.0.23
    # via mloq
greenlet==3.1.1 ; (python_full_version < '3.13' and platform_machine == 'AMD64') or (python_full_version < '3.13' and platform_machine == 'WIN32') or (python_full_version < '3.13' and platform_machine == 'aarch64') or (python_full_version < '3.13' and platform_machine == 'amd64') or (python_full_version < '3.13' and platform_machine == 'ppc64le') or (python_full_version < '3.13' and platform_machine == 'win32') or (python_full_version < '3.13' and platform_machine == 'x86_64')
    # via sqlalchemy
hydra-core==1.3.2
    # via mloq
hypothesis==6.112.1
identify==2.6.1
    # via pre-commit
idna==3.10
    # via requests
imagesize==1.4.1
    # via sphinx
importlib-metadata==8.5.0
    # via jupyter-cache
    # via myst-nb
iniconfig==2.0.0
    # via pytest
invoke==2.2.0
    # via mloq
ipykernel==6.29.5
    # via myst-nb
ipython==8.27.0
    # via ipykernel
    # via myst-nb
jedi==0.19.1
    # via ipython
jinja2==3.1.4
    # via mloq
    # via myst-parser
    # via sphinx
    # via sphinx-autoapi
jsonschema==4.23.0
    # via nbformat
jsonschema-specifications==2023.12.1
    # via jsonschema
jupyter-cache==1.0.0
    # via myst-nb
jupyter-client==8.6.3
    # via ipykernel
    # via nbclient
jupyter-core==5.7.2
    # via ipykernel
    # via jupyter-client
    # via nbclient
    # via nbformat
latexcodec==3.0.0
    # via pybtex
linkify-it-py==2.0.3
markdown-it-py==3.0.0
    # via mdit-py-plugins
    # via myst-parser
markupsafe==2.1.5
    # via jinja2
matplotlib-inline==0.1.7
    # via ipykernel
    # via ipython
mdit-py-plugins==0.4.2
    # via myst-parser
mdurl==0.1.2
    # via markdown-it-py
mypy==1.11.2
    # via mloq
mypy-extensions==1.0.0
    # via mypy
myst-nb==1.1.2
myst-parser==4.0.0
    # via myst-nb
nbclient==0.10.0
    # via jupyter-cache
    # via myst-nb
nbformat==5.10.4
    # via jupyter-cache
    # via myst-nb
    # via nbclient
nest-asyncio==1.6.0
    # via ipykernel
nodeenv==1.9.1
    # via pre-commit
omegaconf==2.3.0
    # via hydra-core
packaging==24.1
    # via hydra-core
    # via ipykernel
    # via pydata-sphinx-theme
    # via pytest
    # via pytest-rerunfailures
    # via sphinx
param==2.1.1
    # via mloq
parso==0.8.4
    # via jedi
pexpect==4.9.0 ; sys_platform != 'emscripten' and sys_platform != 'win32'
    # via ipython
platformdirs==4.3.6
    # via jupyter-core
    # via virtualenv
pluggy==1.5.0
    # via pytest
pre-commit==3.8.0
    # via mloq
prompt-toolkit==3.0.48
    # via ipython
psutil==6.0.0
    # via ipykernel
ptyprocess==0.7.0 ; sys_platform != 'emscripten' and sys_platform != 'win32'
    # via pexpect
pure-eval==0.2.3
    # via stack-data
pybtex==0.24.0
    # via pybtex-docutils
    # via sphinxcontrib-bibtex
pybtex-docutils==1.0.3
    # via sphinxcontrib-bibtex
pycparser==2.22 ; implementation_name == 'pypy'
    # via cffi
pydata-sphinx-theme==0.15.4
    # via sphinx-book-theme
pygments==2.18.0
    # via accessible-pygments
    # via ipython
    # via pydata-sphinx-theme
    # via sphinx
pytest==8.3.3
    # via pytest-cov
    # via pytest-rerunfailures
    # via pytest-xdist
pytest-cov==5.0.0
pytest-rerunfailures==14.0
pytest-xdist==3.6.1
python-dateutil==2.9.0.post0
    # via jupyter-client
pyvirtualdisplay==3.0
pywin32==306 ; platform_python_implementation != 'PyPy' and sys_platform == 'win32'
    # via jupyter-core
pyyaml==6.0.2
    # via jupyter-cache
    # via myst-nb
    # via myst-parser
    # via omegaconf
    # via pre-commit
    # via pybtex
    # via sphinx-autoapi
pyzmq==26.2.0
    # via ipykernel
    # via jupyter-client
referencing==0.35.1
    # via jsonschema
    # via jsonschema-specifications
requests==2.32.3
    # via sphinx
rpds-py==0.20.0
    # via jsonschema
    # via referencing
ruff==0.6.7
ruyaml==0.91.0
setuptools==75.1.0
    # via ruyaml
    # via sphinx-togglebutton
    # via sphinxcontrib-bibtex
six==1.16.0
    # via asttokens
    # via pybtex
    # via python-dateutil
snowballstemmer==2.2.0
    # via sphinx
sortedcontainers==2.4.0
    # via hypothesis
soupsieve==2.6
    # via beautifulsoup4
sphinx==8.0.2
    # via myst-nb
    # via myst-parser
    # via pydata-sphinx-theme
    # via sphinx-autoapi
    # via sphinx-book-theme
    # via sphinx-copybutton
    # via sphinx-rtd-theme
    # via sphinx-togglebutton
    # via sphinxcontrib-bibtex
    # via sphinxext-opengraph
sphinx-autoapi==3.3.1
sphinx-autodoc2==0.5.0
sphinx-book-theme==1.1.3
sphinx-copybutton==0.5.2
sphinx-rtd-theme==0.5.1
sphinx-togglebutton==0.3.2
sphinxcontrib-applehelp==2.0.0
    # via sphinx
sphinxcontrib-bibtex==2.6.3
sphinxcontrib-devhelp==2.0.0
    # via sphinx
sphinxcontrib-htmlhelp==2.1.0
    # via sphinx
sphinxcontrib-jsmath==1.0.1
    # via sphinx
sphinxcontrib-mermaid==0.9.2
sphinxcontrib-qthelp==2.0.0
    # via sphinx
sphinxcontrib-serializinghtml==2.0.0
    # via sphinx
sphinxext-opengraph==0.9.1
sqlalchemy==2.0.35
    # via jupyter-cache
stack-data==0.6.3
    # via ipython
tabulate==0.9.0
    # via jupyter-cache
tomli==2.0.1
    # via coverage
    # via mypy
    # via pytest
    # via sphinx
    # via sphinx-autodoc2
tornado==6.4.1
    # via ipykernel
    # via jupyter-client
traitlets==5.14.3
    # via comm
    # via ipykernel
    # via ipython
    # via jupyter-client
    # via jupyter-core
    # via matplotlib-inline
    # via nbclient
    # via nbformat
typing-extensions==4.12.2
    # via astroid
    # via ipython
    # via mypy
    # via myst-nb
    # via pydata-sphinx-theme
    # via sphinx-autodoc2
    # via sqlalchemy
uc-micro-py==1.0.3
    # via linkify-it-py
urllib3==2.2.3
    # via requests
virtualenv==20.26.5
    # via pre-commit
wcwidth==0.2.13
    # via prompt-toolkit
wheel==0.44.0
    # via sphinx-togglebutton
xxhash==3.5.0
    # via flogging
zipp==3.20.2
    # via importlib-metadata
